
Microsoft Visual Studio Solution File, Format Version 12.00
# Visual Studio 15
VisualStudioVersion = 15.0.27004.2009
MinimumVisualStudioVersion = 10.0.40219.1
Project("{FAE04EC0-301F-11D3-BF4B-00C04F79EFBC}") = "TurnBasedRPG", "TurnBasedRPG\TurnBasedRPG.csproj", "{7B6E2045-05BC-49CE-B9B9-15CBF56855A3}"
EndProject
Project("{FAE04EC0-301F-11D3-BF4B-00C04F79EFBC}") = "TurnBasedRPG.Shared", "TurnBasedRPG.Shared\TurnBasedRPG.Shared.csproj", "{236F8F2A-2313-46A0-B8C0-A7FD63872AE1}"
EndProject
Project("{FAE04EC0-301F-11D3-BF4B-00C04F79EFBC}") = "TurnBasedRPG.UI", "TurnBasedRPG.UI\TurnBasedRPG.UI.csproj", "{7887180B-0237-4C1A-96E1-1901995F61C6}"
EndProject
Project("{FAE04EC0-301F-11D3-BF4B-00C04F79EFBC}") = "TurnBasedRPG.Model", "TurnBasedRPG.Model\TurnBasedRPG.Model.csproj", "{C37345F5-842F-470F-8BE1-122881944E76}"
EndProject
Project("{FAE04EC0-301F-11D3-BF4B-00C04F79EFBC}") = "TurnBasedRPG.Controller", "TurnBasedRPG.Controller\TurnBasedRPG.Controller.csproj", "{C2D22DCC-C372-486B-8093-E6159060E229}"
EndProject
Global
	GlobalSection(SolutionConfigurationPlatforms) = preSolution
		Debug|Any CPU = Debug|Any CPU
		Release|Any CPU = Release|Any CPU
	EndGlobalSection
	GlobalSection(ProjectConfigurationPlatforms) = postSolution
		{7B6E2045-05BC-49CE-B9B9-15CBF56855A3}.Debug|Any CPU.ActiveCfg = Debug|Any CPU
		{7B6E2045-05BC-49CE-B9B9-15CBF56855A3}.Debug|Any CPU.Build.0 = Debug|Any CPU
		{7B6E2045-05BC-49CE-B9B9-15CBF56855A3}.Release|Any CPU.ActiveCfg = Release|Any CPU
		{7B6E2045-05BC-49CE-B9B9-15CBF56855A3}.Release|Any CPU.Build.0 = Release|Any CPU
		{236F8F2A-2313-46A0-B8C0-A7FD63872AE1}.Debug|Any CPU.ActiveCfg = Debug|Any CPU
		{236F8F2A-2313-46A0-B8C0-A7FD63872AE1}.Debug|Any CPU.Build.0 = Debug|Any CPU
		{236F8F2A-2313-46A0-B8C0-A7FD63872AE1}.Release|Any CPU.ActiveCfg = Release|Any CPU
		{236F8F2A-2313-46A0-B8C0-A7FD63872AE1}.Release|Any CPU.Build.0 = Release|Any CPU
		{7887180B-0237-4C1A-96E1-1901995F61C6}.Debug|Any CPU.ActiveCfg = Debug|Any CPU
		{7887180B-0237-4C1A-96E1-1901995F61C6}.Debug|Any CPU.Build.0 = Debug|Any CPU
		{7887180B-0237-4C1A-96E1-1901995F61C6}.Release|Any CPU.ActiveCfg = Release|Any CPU
		{7887180B-0237-4C1A-96E1-1901995F61C6}.Release|Any CPU.Build.0 = Release|Any CPU
		{C37345F5-842F-470F-8BE1-122881944E76}.Debug|Any CPU.ActiveCfg = Debug|Any CPU
		{C37345F5-842F-470F-8BE1-122881944E76}.Debug|Any CPU.Build.0 = Debug|Any CPU
		{C37345F5-842F-470F-8BE1-122881944E76}.Release|Any CPU.ActiveCfg = Release|Any CPU
		{C37345F5-842F-470F-8BE1-122881944E76}.Release|Any CPU.Build.0 = Release|Any CPU
		{C2D22DCC-C372-486B-8093-E6159060E229}.Debug|Any CPU.ActiveCfg = Debug|Any CPU
		{C2D22DCC-C372-486B-8093-E6159060E229}.Debug|Any CPU.Build.0 = Debug|Any CPU
		{C2D22DCC-C372-486B-8093-E6159060E229}.Release|Any CPU.ActiveCfg = Release|Any CPU
		{C2D22DCC-C372-486B-8093-E6159060E229}.Release|Any CPU.Build.0 = Release|Any CPU
	EndGlobalSection
	GlobalSection(SolutionProperties) = preSolution
		HideSolutionNode = FALSE
	EndGlobalSection
	GlobalSection(ExtensibilityGlobals) = postSolution
		SolutionGuid = {D2E80A6D-41CF-4234-8785-F96A482806E1}
	EndGlobalSection
EndGlobal
