
Microsoft Visual Studio Solution File, Format Version 12.00
# Visual Studio 15
VisualStudioVersion = 15.0.27004.2009
MinimumVisualStudioVersion = 10.0.40219.1
Project("{FAE04EC0-301F-11D3-BF4B-00C04F79EFBC}") = "TurnBasedRPG", "TurnBasedRPG\TurnBasedRPG.csproj", "{7B6E2045-05BC-49CE-B9B9-15CBF56855A3}"
EndProject
Global
	GlobalSection(SolutionConfigurationPlatforms) = preSolution
		Debug|Any CPU = Debug|Any CPU
		Release|Any CPU = Release|Any CPU
	EndGlobalSection
	GlobalSection(ProjectConfigurationPlatforms) = postSolution
		{7B6E2045-05BC-49CE-B9B9-15CBF56855A3}.Debug|Any CPU.ActiveCfg = Debug|Any CPU
		{7B6E2045-05BC-49CE-B9B9-15CBF56855A3}.Debug|Any CPU.Build.0 = Debug|Any CPU
		{7B6E2045-05BC-49CE-B9B9-15CBF56855A3}.Release|Any CPU.ActiveCfg = Release|Any CPU
		{7B6E2045-05BC-49CE-B9B9-15CBF56855A3}.Release|Any CPU.Build.0 = Release|Any CPU
	EndGlobalSection
	GlobalSection(SolutionProperties) = preSolution
		HideSolutionNode = FALSE
	EndGlobalSection
	GlobalSection(ExtensibilityGlobals) = postSolution
		SolutionGuid = {D2E80A6D-41CF-4234-8785-F96A482806E1}
	EndGlobalSection
EndGlobal
